
Microsoft Visual Studio Solution File, Format Version 12.00
# Visual Studio Version 17
VisualStudioVersion = 17.10.35122.118
MinimumVisualStudioVersion = 10.0.40219.1
Project("{FAE04EC0-301F-11D3-BF4B-00C04F79EFBC}") = "GopiVemuriMVC", "GopiVemuriMVC\GopiVemuriMVC.csproj", "{7B89D313-1F01-4A7B-A86A-2206C9F6C646}"
EndProject
Global
	GlobalSection(SolutionConfigurationPlatforms) = preSolution
		Debug|Any CPU = Debug|Any CPU
		Release|Any CPU = Release|Any CPU
	EndGlobalSection
	GlobalSection(ProjectConfigurationPlatforms) = postSolution
		{7B89D313-1F01-4A7B-A86A-2206C9F6C646}.Debug|Any CPU.ActiveCfg = Debug|Any CPU
		{7B89D313-1F01-4A7B-A86A-2206C9F6C646}.Debug|Any CPU.Build.0 = Debug|Any CPU
		{7B89D313-1F01-4A7B-A86A-2206C9F6C646}.Release|Any CPU.ActiveCfg = Release|Any CPU
		{7B89D313-1F01-4A7B-A86A-2206C9F6C646}.Release|Any CPU.Build.0 = Release|Any CPU
	EndGlobalSection
	GlobalSection(SolutionProperties) = preSolution
		HideSolutionNode = FALSE
	EndGlobalSection
	GlobalSection(ExtensibilityGlobals) = postSolution
		SolutionGuid = {E0A4DCCB-9FF3-4551-A9EF-06DEB40B4006}
	EndGlobalSection
EndGlobal
